{
  "originHash" : "50babf8619b11db1e35d295f302701beb17d3fb12a52c49164835abc7a74adca",
  "pins" : [
    {
      "identity" : "grdb.swift",
      "kind" : "remoteSourceControl",
      "location" : "https://github.com/groue/GRDB.swift.git",
      "state" : {
        "branch" : "master",
        "revision" : "04e73c26c4ce8218ab85aaf791942bb0b204f330"
      }
    },
    {
      "identity" : "kingfisher",
      "kind" : "remoteSourceControl",
      "location" : "https://github.com/onevcat/Kingfisher.git",
      "state" : {
        "revision" : "7deda23bbdca612076c5c315003d8638a08ed0f1",
        "version" : "8.3.2"
      }
    },
    {
      "identity" : "scrollviewloader",
      "kind" : "remoteSourceControl",
      "location" : "https://github.com/gh123man/ScrollViewLoader.git",
      "state" : {
        "revision" : "a8017b65df2f937a850eff79def12e23e961f115",
        "version" : "1.1.2"
      }
    },
    {
      "identity" : "swiftui-flow",
      "kind" : "remoteSourceControl",
      "location" : "https://github.com/tevelee/SwiftUI-Flow.git",
      "state" : {
        "revision" : "fd755bc852c738d3b726c6a28fc4640c9a74876f",
        "version" : "3.0.2"
      }
    },
    {
      "identity" : "swiftui-introspect",
      "kind" : "remoteSourceControl",
      "location" : "https://github.com/siteline/SwiftUI-Introspect.git",
      "state" : {
        "revision" : "807f73ce09a9b9723f12385e592b4e0aaebd3336",
        "version" : "1.3.0"
      }
    }
  ],
  "version" : 3
}
