// !$*UTF8*$!
{
	archiveVersion = 1;
	classes = {
	};
	objectVersion = 77;
	objects = {

/* Begin PBXBuildFile section */
		176C40592DCB380A00B521AD /* Flow in Frameworks */ = {isa = PBXBuildFile; productRef = 176C40582DCB380A00B521AD /* Flow */; };
		179E8D752DA6A3DE00F43EBC /* GRDB in Frameworks */ = {isa = PBXBuildFile; productRef = 179E8D742DA6A3DE00F43EBC /* GRDB */; };
		17EAA3D32DB3141E00CB9EE5 /* ScrollViewLoader in Frameworks */ = {isa = PBXBuildFile; productRef = 17EAA3D22DB3141E00CB9EE5 /* ScrollViewLoader */; };
		17EAA3E02DB3281F00CB9EE5 /* Kingfisher in Frameworks */ = {isa = PBXBuildFile; productRef = 17EAA3DF2DB3281F00CB9EE5 /* Kingfisher */; };
/* End PBXBuildFile section */

/* Begin PBXContainerItemProxy section */
		179E90832DA7DC6E00F43EBC /* PBXContainerItemProxy */ = {
			isa = PBXContainerItemProxy;
			containerPortal = 17D458C62DA6A34700CF3BA4 /* Project object */;
			proxyType = 1;
			remoteGlobalIDString = 17D458CD2DA6A34700CF3BA4;
			remoteInfo = Alethia;
		};
/* End PBXContainerItemProxy section */

/* Begin PBXFileReference section */
		179E907F2DA7DC6E00F43EBC /* AlethiaTests.xctest */ = {isa = PBXFileReference; explicitFileType = wrapper.cfbundle; includeInIndex = 0; path = AlethiaTests.xctest; sourceTree = BUILT_PRODUCTS_DIR; };
		17D458CE2DA6A34700CF3BA4 /* Alethia.app */ = {isa = PBXFileReference; explicitFileType = wrapper.application; includeInIndex = 0; path = Alethia.app; sourceTree = BUILT_PRODUCTS_DIR; };
/* End PBXFileReference section */

/* Begin PBXFileSystemSynchronizedRootGroup section */
		179E90802DA7DC6E00F43EBC /* AlethiaTests */ = {
			isa = PBXFileSystemSynchronizedRootGroup;
			path = AlethiaTests;
			sourceTree = "<group>";
		};
		17D458D02DA6A34700CF3BA4 /* Alethia */ = {
			isa = PBXFileSystemSynchronizedRootGroup;
			path = Alethia;
			sourceTree = "<group>";
		};
/* End PBXFileSystemSynchronizedRootGroup section */

/* Begin PBXFrameworksBuildPhase section */
		179E907C2DA7DC6E00F43EBC /* Frameworks */ = {
			isa = PBXFrameworksBuildPhase;
			buildActionMask = 2147483647;
			files = (
			);
			runOnlyForDeploymentPostprocessing = 0;
		};
		17D458CB2DA6A34700CF3BA4 /* Frameworks */ = {
			isa = PBXFrameworksBuildPhase;
			buildActionMask = 2147483647;
			files = (
				176C40592DCB380A00B521AD /* Flow in Frameworks */,
				17EAA3E02DB3281F00CB9EE5 /* Kingfisher in Frameworks */,
				17EAA3D32DB3141E00CB9EE5 /* ScrollViewLoader in Frameworks */,
				179E8D752DA6A3DE00F43EBC /* GRDB in Frameworks */,
			);
			runOnlyForDeploymentPostprocessing = 0;
		};
/* End PBXFrameworksBuildPhase section */

/* Begin PBXGroup section */
		17D458C52DA6A34700CF3BA4 = {
			isa = PBXGroup;
			children = (
				17D458D02DA6A34700CF3BA4 /* Alethia */,
				179E90802DA7DC6E00F43EBC /* AlethiaTests */,
				17EAA3DE2DB3281F00CB9EE5 /* Frameworks */,
				17D458CF2DA6A34700CF3BA4 /* Products */,
			);
			sourceTree = "<group>";
		};
		17D458CF2DA6A34700CF3BA4 /* Products */ = {
			isa = PBXGroup;
			children = (
				17D458CE2DA6A34700CF3BA4 /* Alethia.app */,
				179E907F2DA7DC6E00F43EBC /* AlethiaTests.xctest */,
			);
			name = Products;
			sourceTree = "<group>";
		};
		17EAA3DE2DB3281F00CB9EE5 /* Frameworks */ = {
			isa = PBXGroup;
			children = (
			);
			name = Frameworks;
			sourceTree = "<group>";
		};
/* End PBXGroup section */

/* Begin PBXNativeTarget section */
		179E907E2DA7DC6E00F43EBC /* AlethiaTests */ = {
			isa = PBXNativeTarget;
			buildConfigurationList = 179E90852DA7DC6E00F43EBC /* Build configuration list for PBXNativeTarget "AlethiaTests" */;
			buildPhases = (
				179E907B2DA7DC6E00F43EBC /* Sources */,
				179E907C2DA7DC6E00F43EBC /* Frameworks */,
				179E907D2DA7DC6E00F43EBC /* Resources */,
			);
			buildRules = (
			);
			dependencies = (
				179E90842DA7DC6E00F43EBC /* PBXTargetDependency */,
			);
			fileSystemSynchronizedGroups = (
				179E90802DA7DC6E00F43EBC /* AlethiaTests */,
			);
			name = AlethiaTests;
			packageProductDependencies = (
			);
			productName = AlethiaTests;
			productReference = 179E907F2DA7DC6E00F43EBC /* AlethiaTests.xctest */;
			productType = "com.apple.product-type.bundle.unit-test";
		};
		17D458CD2DA6A34700CF3BA4 /* Alethia */ = {
			isa = PBXNativeTarget;
			buildConfigurationList = 17D458DC2DA6A34800CF3BA4 /* Build configuration list for PBXNativeTarget "Alethia" */;
			buildPhases = (
				17D458CA2DA6A34700CF3BA4 /* Sources */,
				17D458CB2DA6A34700CF3BA4 /* Frameworks */,
				17D458CC2DA6A34700CF3BA4 /* Resources */,
			);
			buildRules = (
			);
			dependencies = (
			);
			fileSystemSynchronizedGroups = (
				17D458D02DA6A34700CF3BA4 /* Alethia */,
			);
			name = Alethia;
			packageProductDependencies = (
				179E8D742DA6A3DE00F43EBC /* GRDB */,
				17EAA3D22DB3141E00CB9EE5 /* ScrollViewLoader */,
				17EAA3DF2DB3281F00CB9EE5 /* Kingfisher */,
				176C40582DCB380A00B521AD /* Flow */,
			);
			productName = Alethia;
			productReference = 17D458CE2DA6A34700CF3BA4 /* Alethia.app */;
			productType = "com.apple.product-type.application";
		};
/* End PBXNativeTarget section */

/* Begin PBXProject section */
		17D458C62DA6A34700CF3BA4 /* Project object */ = {
			isa = PBXProject;
			attributes = {
				BuildIndependentTargetsInParallel = 1;
				LastSwiftUpdateCheck = 1610;
				LastUpgradeCheck = 1610;
				TargetAttributes = {
					179E907E2DA7DC6E00F43EBC = {
						CreatedOnToolsVersion = 16.1;
						TestTargetID = 17D458CD2DA6A34700CF3BA4;
					};
					17D458CD2DA6A34700CF3BA4 = {
						CreatedOnToolsVersion = 16.1;
					};
				};
			};
			buildConfigurationList = 17D458C92DA6A34700CF3BA4 /* Build configuration list for PBXProject "Alethia" */;
			developmentRegion = en;
			hasScannedForEncodings = 0;
			knownRegions = (
				en,
				Base,
			);
			mainGroup = 17D458C52DA6A34700CF3BA4;
			minimizedProjectReferenceProxies = 1;
			packageReferences = (
				179E8D732DA6A3DE00F43EBC /* XCRemoteSwiftPackageReference "GRDB.swift" */,
				17EAA3D12DB3141E00CB9EE5 /* XCRemoteSwiftPackageReference "ScrollViewLoader" */,
				17EAA3DD2DB3280E00CB9EE5 /* XCRemoteSwiftPackageReference "Kingfisher" */,
				176C40572DCB37DF00B521AD /* XCRemoteSwiftPackageReference "SwiftUI-Flow" */,
			);
			preferredProjectObjectVersion = 77;
			productRefGroup = 17D458CF2DA6A34700CF3BA4 /* Products */;
			projectDirPath = "";
			projectRoot = "";
			targets = (
				17D458CD2DA6A34700CF3BA4 /* Alethia */,
				179E907E2DA7DC6E00F43EBC /* AlethiaTests */,
			);
		};
/* End PBXProject section */

/* Begin PBXResourcesBuildPhase section */
		179E907D2DA7DC6E00F43EBC /* Resources */ = {
			isa = PBXResourcesBuildPhase;
			buildActionMask = 2147483647;
			files = (
			);
			runOnlyForDeploymentPostprocessing = 0;
		};
		17D458CC2DA6A34700CF3BA4 /* Resources */ = {
			isa = PBXResourcesBuildPhase;
			buildActionMask = 2147483647;
			files = (
			);
			runOnlyForDeploymentPostprocessing = 0;
		};
/* End PBXResourcesBuildPhase section */

/* Begin PBXSourcesBuildPhase section */
		179E907B2DA7DC6E00F43EBC /* Sources */ = {
			isa = PBXSourcesBuildPhase;
			buildActionMask = 2147483647;
			files = (
			);
			runOnlyForDeploymentPostprocessing = 0;
		};
		17D458CA2DA6A34700CF3BA4 /* Sources */ = {
			isa = PBXSourcesBuildPhase;
			buildActionMask = 2147483647;
			files = (
			);
			runOnlyForDeploymentPostprocessing = 0;
		};
/* End PBXSourcesBuildPhase section */

/* Begin PBXTargetDependency section */
		179E90842DA7DC6E00F43EBC /* PBXTargetDependency */ = {
			isa = PBXTargetDependency;
			target = 17D458CD2DA6A34700CF3BA4 /* Alethia */;
			targetProxy = 179E90832DA7DC6E00F43EBC /* PBXContainerItemProxy */;
		};
/* End PBXTargetDependency section */

/* Begin XCBuildConfiguration section */
		179E90862DA7DC6E00F43EBC /* Debug */ = {
			isa = XCBuildConfiguration;
			buildSettings = {
				BUNDLE_LOADER = "$(TEST_HOST)";
				CODE_SIGN_STYLE = Automatic;
				CURRENT_PROJECT_VERSION = 1;
				DEVELOPMENT_TEAM = V2NAC76HWU;
				GENERATE_INFOPLIST_FILE = YES;
				MARKETING_VERSION = 1.0;
				PRODUCT_BUNDLE_IDENTIFIER = com.alethia.AlethiaTests;
				PRODUCT_NAME = "$(TARGET_NAME)";
				SWIFT_EMIT_LOC_STRINGS = NO;
				SWIFT_VERSION = 5.0;
				TARGETED_DEVICE_FAMILY = "1,2";
				TEST_HOST = "$(BUILT_PRODUCTS_DIR)/Alethia.app/$(BUNDLE_EXECUTABLE_FOLDER_PATH)/Alethia";
			};
			name = Debug;
		};
		179E90872DA7DC6E00F43EBC /* Release */ = {
			isa = XCBuildConfiguration;
			buildSettings = {
				BUNDLE_LOADER = "$(TEST_HOST)";
				CODE_SIGN_STYLE = Automatic;
				CURRENT_PROJECT_VERSION = 1;
				DEVELOPMENT_TEAM = V2NAC76HWU;
				GENERATE_INFOPLIST_FILE = YES;
				MARKETING_VERSION = 1.0;
				PRODUCT_BUNDLE_IDENTIFIER = com.alethia.AlethiaTests;
				PRODUCT_NAME = "$(TARGET_NAME)";
				SWIFT_EMIT_LOC_STRINGS = NO;
				SWIFT_VERSION = 5.0;
				TARGETED_DEVICE_FAMILY = "1,2";
				TEST_HOST = "$(BUILT_PRODUCTS_DIR)/Alethia.app/$(BUNDLE_EXECUTABLE_FOLDER_PATH)/Alethia";
			};
			name = Release;
		};
		17D458DA2DA6A34800CF3BA4 /* Debug */ = {
			isa = XCBuildConfiguration;
			buildSettings = {
				ALWAYS_SEARCH_USER_PATHS = NO;
				ASSETCATALOG_COMPILER_GENERATE_SWIFT_ASSET_SYMBOL_EXTENSIONS = YES;
				CLANG_ANALYZER_NONNULL = YES;
				CLANG_ANALYZER_NUMBER_OBJECT_CONVERSION = YES_AGGRESSIVE;
				CLANG_CXX_LANGUAGE_STANDARD = "gnu++20";
				CLANG_ENABLE_MODULES = YES;
				CLANG_ENABLE_OBJC_ARC = YES;
				CLANG_ENABLE_OBJC_WEAK = YES;
				CLANG_WARN_BLOCK_CAPTURE_AUTORELEASING = YES;
				CLANG_WARN_BOOL_CONVERSION = YES;
				CLANG_WARN_COMMA = YES;
				CLANG_WARN_CONSTANT_CONVERSION = YES;
				CLANG_WARN_DEPRECATED_OBJC_IMPLEMENTATIONS = YES;
				CLANG_WARN_DIRECT_OBJC_ISA_USAGE = YES_ERROR;
				CLANG_WARN_DOCUMENTATION_COMMENTS = YES;
				CLANG_WARN_EMPTY_BODY = YES;
				CLANG_WARN_ENUM_CONVERSION = YES;
				CLANG_WARN_INFINITE_RECURSION = YES;
				CLANG_WARN_INT_CONVERSION = YES;
				CLANG_WARN_NON_LITERAL_NULL_CONVERSION = YES;
				CLANG_WARN_OBJC_IMPLICIT_RETAIN_SELF = YES;
				CLANG_WARN_OBJC_LITERAL_CONVERSION = YES;
				CLANG_WARN_OBJC_ROOT_CLASS = YES_ERROR;
				CLANG_WARN_QUOTED_INCLUDE_IN_FRAMEWORK_HEADER = YES;
				CLANG_WARN_RANGE_LOOP_ANALYSIS = YES;
				CLANG_WARN_STRICT_PROTOTYPES = YES;
				CLANG_WARN_SUSPICIOUS_MOVE = YES;
				CLANG_WARN_UNGUARDED_AVAILABILITY = YES_AGGRESSIVE;
				CLANG_WARN_UNREACHABLE_CODE = YES;
				CLANG_WARN__DUPLICATE_METHOD_MATCH = YES;
				COPY_PHASE_STRIP = NO;
				DEBUG_INFORMATION_FORMAT = dwarf;
				ENABLE_STRICT_OBJC_MSGSEND = YES;
				ENABLE_TESTABILITY = YES;
				ENABLE_USER_SCRIPT_SANDBOXING = YES;
				GCC_C_LANGUAGE_STANDARD = gnu17;
				GCC_DYNAMIC_NO_PIC = NO;
				GCC_NO_COMMON_BLOCKS = YES;
				GCC_OPTIMIZATION_LEVEL = 0;
				GCC_PREPROCESSOR_DEFINITIONS = (
					"DEBUG=1",
					"$(inherited)",
				);
				GCC_WARN_64_TO_32_BIT_CONVERSION = YES;
				GCC_WARN_ABOUT_RETURN_TYPE = YES_ERROR;
				GCC_WARN_UNDECLARED_SELECTOR = YES;
				GCC_WARN_UNINITIALIZED_AUTOS = YES_AGGRESSIVE;
				GCC_WARN_UNUSED_FUNCTION = YES;
				GCC_WARN_UNUSED_VARIABLE = YES;
				IPHONEOS_DEPLOYMENT_TARGET = 18.1;
				LOCALIZATION_PREFERS_STRING_CATALOGS = YES;
				MTL_ENABLE_DEBUG_INFO = INCLUDE_SOURCE;
				MTL_FAST_MATH = YES;
				ONLY_ACTIVE_ARCH = YES;
				SDKROOT = iphoneos;
				SWIFT_ACTIVE_COMPILATION_CONDITIONS = "DEBUG $(inherited)";
				SWIFT_OPTIMIZATION_LEVEL = "-Onone";
			};
			name = Debug;
		};
		17D458DB2DA6A34800CF3BA4 /* Release */ = {
			isa = XCBuildConfiguration;
			buildSettings = {
				ALWAYS_SEARCH_USER_PATHS = NO;
				ASSETCATALOG_COMPILER_GENERATE_SWIFT_ASSET_SYMBOL_EXTENSIONS = YES;
				CLANG_ANALYZER_NONNULL = YES;
				CLANG_ANALYZER_NUMBER_OBJECT_CONVERSION = YES_AGGRESSIVE;
				CLANG_CXX_LANGUAGE_STANDARD = "gnu++20";
				CLANG_ENABLE_MODULES = YES;
				CLANG_ENABLE_OBJC_ARC = YES;
				CLANG_ENABLE_OBJC_WEAK = YES;
				CLANG_WARN_BLOCK_CAPTURE_AUTORELEASING = YES;
				CLANG_WARN_BOOL_CONVERSION = YES;
				CLANG_WARN_COMMA = YES;
				CLANG_WARN_CONSTANT_CONVERSION = YES;
				CLANG_WARN_DEPRECATED_OBJC_IMPLEMENTATIONS = YES;
				CLANG_WARN_DIRECT_OBJC_ISA_USAGE = YES_ERROR;
				CLANG_WARN_DOCUMENTATION_COMMENTS = YES;
				CLANG_WARN_EMPTY_BODY = YES;
				CLANG_WARN_ENUM_CONVERSION = YES;
				CLANG_WARN_INFINITE_RECURSION = YES;
				CLANG_WARN_INT_CONVERSION = YES;
				CLANG_WARN_NON_LITERAL_NULL_CONVERSION = YES;
				CLANG_WARN_OBJC_IMPLICIT_RETAIN_SELF = YES;
				CLANG_WARN_OBJC_LITERAL_CONVERSION = YES;
				CLANG_WARN_OBJC_ROOT_CLASS = YES_ERROR;
				CLANG_WARN_QUOTED_INCLUDE_IN_FRAMEWORK_HEADER = YES;
				CLANG_WARN_RANGE_LOOP_ANALYSIS = YES;
				CLANG_WARN_STRICT_PROTOTYPES = YES;
				CLANG_WARN_SUSPICIOUS_MOVE = YES;
				CLANG_WARN_UNGUARDED_AVAILABILITY = YES_AGGRESSIVE;
				CLANG_WARN_UNREACHABLE_CODE = YES;
				CLANG_WARN__DUPLICATE_METHOD_MATCH = YES;
				COPY_PHASE_STRIP = NO;
				DEBUG_INFORMATION_FORMAT = "dwarf-with-dsym";
				ENABLE_NS_ASSERTIONS = NO;
				ENABLE_STRICT_OBJC_MSGSEND = YES;
				ENABLE_USER_SCRIPT_SANDBOXING = YES;
				GCC_C_LANGUAGE_STANDARD = gnu17;
				GCC_NO_COMMON_BLOCKS = YES;
				GCC_WARN_64_TO_32_BIT_CONVERSION = YES;
				GCC_WARN_ABOUT_RETURN_TYPE = YES_ERROR;
				GCC_WARN_UNDECLARED_SELECTOR = YES;
				GCC_WARN_UNINITIALIZED_AUTOS = YES_AGGRESSIVE;
				GCC_WARN_UNUSED_FUNCTION = YES;
				GCC_WARN_UNUSED_VARIABLE = YES;
				IPHONEOS_DEPLOYMENT_TARGET = 18.1;
				LOCALIZATION_PREFERS_STRING_CATALOGS = YES;
				MTL_ENABLE_DEBUG_INFO = NO;
				MTL_FAST_MATH = YES;
				SDKROOT = iphoneos;
				SWIFT_COMPILATION_MODE = wholemodule;
				VALIDATE_PRODUCT = YES;
			};
			name = Release;
		};
		17D458DD2DA6A34800CF3BA4 /* Debug */ = {
			isa = XCBuildConfiguration;
			buildSettings = {
				ASSETCATALOG_COMPILER_APPICON_NAME = AppIcon;
				ASSETCATALOG_COMPILER_GLOBAL_ACCENT_COLOR_NAME = AccentColor;
				CODE_SIGN_STYLE = Automatic;
				CURRENT_PROJECT_VERSION = 1;
				DEVELOPMENT_ASSET_PATHS = "\"Alethia/Assets/Preview Content\"";
				DEVELOPMENT_TEAM = V2NAC76HWU;
				ENABLE_PREVIEWS = YES;
				GENERATE_INFOPLIST_FILE = YES;
				INFOPLIST_KEY_UIApplicationSceneManifest_Generation = YES;
				INFOPLIST_KEY_UIApplicationSupportsIndirectInputEvents = YES;
				INFOPLIST_KEY_UILaunchScreen_Generation = YES;
				INFOPLIST_KEY_UISupportedInterfaceOrientations = UIInterfaceOrientationPortrait;
				INFOPLIST_KEY_UISupportedInterfaceOrientations_iPad = "UIInterfaceOrientationLandscapeLeft UIInterfaceOrientationLandscapeRight UIInterfaceOrientationPortraitUpsideDown";
				IPHONEOS_DEPLOYMENT_TARGET = 18.0;
				LD_RUNPATH_SEARCH_PATHS = (
					"$(inherited)",
					"@executable_path/Frameworks",
				);
				MARKETING_VERSION = 1.0;
				PRODUCT_BUNDLE_IDENTIFIER = com.alethia.Alethia;
				PRODUCT_NAME = "$(TARGET_NAME)";
				SUPPORTED_PLATFORMS = "iphoneos iphonesimulator";
				SUPPORTS_MACCATALYST = NO;
				SUPPORTS_MAC_DESIGNED_FOR_IPHONE_IPAD = NO;
				SUPPORTS_XR_DESIGNED_FOR_IPHONE_IPAD = NO;
				SWIFT_EMIT_LOC_STRINGS = YES;
				SWIFT_VERSION = 5.0;
				TARGETED_DEVICE_FAMILY = 1;
			};
			name = Debug;
		};
		17D458DE2DA6A34800CF3BA4 /* Release */ = {
			isa = XCBuildConfiguration;
			buildSettings = {
				ASSETCATALOG_COMPILER_APPICON_NAME = AppIcon;
				ASSETCATALOG_COMPILER_GLOBAL_ACCENT_COLOR_NAME = AccentColor;
				CODE_SIGN_STYLE = Automatic;
				CURRENT_PROJECT_VERSION = 1;
				DEVELOPMENT_ASSET_PATHS = "\"Alethia/Assets/Preview Content\"";
				DEVELOPMENT_TEAM = V2NAC76HWU;
				ENABLE_PREVIEWS = YES;
				GENERATE_INFOPLIST_FILE = YES;
				INFOPLIST_KEY_UIApplicationSceneManifest_Generation = YES;
				INFOPLIST_KEY_UIApplicationSupportsIndirectInputEvents = YES;
				INFOPLIST_KEY_UILaunchScreen_Generation = YES;
				INFOPLIST_KEY_UISupportedInterfaceOrientations = UIInterfaceOrientationPortrait;
				INFOPLIST_KEY_UISupportedInterfaceOrientations_iPad = "UIInterfaceOrientationLandscapeLeft UIInterfaceOrientationLandscapeRight UIInterfaceOrientationPortraitUpsideDown";
				IPHONEOS_DEPLOYMENT_TARGET = 18.0;
				LD_RUNPATH_SEARCH_PATHS = (
					"$(inherited)",
					"@executable_path/Frameworks",
				);
				MARKETING_VERSION = 1.0;
				PRODUCT_BUNDLE_IDENTIFIER = com.alethia.Alethia;
				PRODUCT_NAME = "$(TARGET_NAME)";
				SUPPORTED_PLATFORMS = "iphoneos iphonesimulator";
				SUPPORTS_MACCATALYST = NO;
				SUPPORTS_MAC_DESIGNED_FOR_IPHONE_IPAD = NO;
				SUPPORTS_XR_DESIGNED_FOR_IPHONE_IPAD = NO;
				SWIFT_EMIT_LOC_STRINGS = YES;
				SWIFT_VERSION = 5.0;
				TARGETED_DEVICE_FAMILY = 1;
			};
			name = Release;
		};
/* End XCBuildConfiguration section */

/* Begin XCConfigurationList section */
		179E90852DA7DC6E00F43EBC /* Build configuration list for PBXNativeTarget "AlethiaTests" */ = {
			isa = XCConfigurationList;
			buildConfigurations = (
				179E90862DA7DC6E00F43EBC /* Debug */,
				179E90872DA7DC6E00F43EBC /* Release */,
			);
			defaultConfigurationIsVisible = 0;
			defaultConfigurationName = Release;
		};
		17D458C92DA6A34700CF3BA4 /* Build configuration list for PBXProject "Alethia" */ = {
			isa = XCConfigurationList;
			buildConfigurations = (
				17D458DA2DA6A34800CF3BA4 /* Debug */,
				17D458DB2DA6A34800CF3BA4 /* Release */,
			);
			defaultConfigurationIsVisible = 0;
			defaultConfigurationName = Release;
		};
		17D458DC2DA6A34800CF3BA4 /* Build configuration list for PBXNativeTarget "Alethia" */ = {
			isa = XCConfigurationList;
			buildConfigurations = (
				17D458DD2DA6A34800CF3BA4 /* Debug */,
				17D458DE2DA6A34800CF3BA4 /* Release */,
			);
			defaultConfigurationIsVisible = 0;
			defaultConfigurationName = Release;
		};
/* End XCConfigurationList section */

/* Begin XCRemoteSwiftPackageReference section */
		176C40572DCB37DF00B521AD /* XCRemoteSwiftPackageReference "SwiftUI-Flow" */ = {
			isa = XCRemoteSwiftPackageReference;
			repositoryURL = "https://github.com/tevelee/SwiftUI-Flow.git";
			requirement = {
				kind = upToNextMajorVersion;
				minimumVersion = 3.0.2;
			};
		};
		179E8D732DA6A3DE00F43EBC /* XCRemoteSwiftPackageReference "GRDB.swift" */ = {
			isa = XCRemoteSwiftPackageReference;
			repositoryURL = "https://github.com/groue/GRDB.swift.git";
			requirement = {
				branch = master;
				kind = branch;
			};
		};
		17EAA3D12DB3141E00CB9EE5 /* XCRemoteSwiftPackageReference "ScrollViewLoader" */ = {
			isa = XCRemoteSwiftPackageReference;
			repositoryURL = "https://github.com/gh123man/ScrollViewLoader.git";
			requirement = {
				kind = upToNextMajorVersion;
				minimumVersion = 1.1.2;
			};
		};
		17EAA3DD2DB3280E00CB9EE5 /* XCRemoteSwiftPackageReference "Kingfisher" */ = {
			isa = XCRemoteSwiftPackageReference;
			repositoryURL = "https://github.com/onevcat/Kingfisher.git";
			requirement = {
				kind = upToNextMajorVersion;
				minimumVersion = 8.3.2;
			};
		};
/* End XCRemoteSwiftPackageReference section */

/* Begin XCSwiftPackageProductDependency section */
		176C40582DCB380A00B521AD /* Flow */ = {
			isa = XCSwiftPackageProductDependency;
			package = 176C40572DCB37DF00B521AD /* XCRemoteSwiftPackageReference "SwiftUI-Flow" */;
			productName = Flow;
		};
		179E8D742DA6A3DE00F43EBC /* GRDB */ = {
			isa = XCSwiftPackageProductDependency;
			package = 179E8D732DA6A3DE00F43EBC /* XCRemoteSwiftPackageReference "GRDB.swift" */;
			productName = GRDB;
		};
		17EAA3D22DB3141E00CB9EE5 /* ScrollViewLoader */ = {
			isa = XCSwiftPackageProductDependency;
			package = 17EAA3D12DB3141E00CB9EE5 /* XCRemoteSwiftPackageReference "ScrollViewLoader" */;
			productName = ScrollViewLoader;
		};
		17EAA3DF2DB3281F00CB9EE5 /* Kingfisher */ = {
			isa = XCSwiftPackageProductDependency;
			package = 17EAA3DD2DB3280E00CB9EE5 /* XCRemoteSwiftPackageReference "Kingfisher" */;
			productName = Kingfisher;
		};
/* End XCSwiftPackageProductDependency section */
	};
	rootObject = 17D458C62DA6A34700CF3BA4 /* Project object */;
}
